
Microsoft Visual Studio Solution File, Format Version 12.00
# Visual Studio Version 17
VisualStudioVersion = 17.9.34622.214
MinimumVisualStudioVersion = 10.0.40219.1
Project("{2150E333-8FDC-42A3-9474-1A3956D46DE8}") = "src", "src", "{DD865F63-3908-45AA-98A9-DD6B1F1671D8}"
EndProject
Project("{FAE04EC0-301F-11D3-BF4B-00C04F79EFBC}") = "CleanArchitecture.Domain", "CleanArchitecture.Domain\CleanArchitecture.Domain.csproj", "{62E3C0F8-AA32-4253-8693-E15F4CA8F322}"
EndProject
Global
	GlobalSection(SolutionConfigurationPlatforms) = preSolution
		Debug|Any CPU = Debug|Any CPU
		Release|Any CPU = Release|Any CPU
	EndGlobalSection
	GlobalSection(ProjectConfigurationPlatforms) = postSolution
		{62E3C0F8-AA32-4253-8693-E15F4CA8F322}.Debug|Any CPU.ActiveCfg = Debug|Any CPU
		{62E3C0F8-AA32-4253-8693-E15F4CA8F322}.Debug|Any CPU.Build.0 = Debug|Any CPU
		{62E3C0F8-AA32-4253-8693-E15F4CA8F322}.Release|Any CPU.ActiveCfg = Release|Any CPU
		{62E3C0F8-AA32-4253-8693-E15F4CA8F322}.Release|Any CPU.Build.0 = Release|Any CPU
	EndGlobalSection
	GlobalSection(SolutionProperties) = preSolution
		HideSolutionNode = FALSE
	EndGlobalSection
	GlobalSection(NestedProjects) = preSolution
		{62E3C0F8-AA32-4253-8693-E15F4CA8F322} = {DD865F63-3908-45AA-98A9-DD6B1F1671D8}
	EndGlobalSection
	GlobalSection(ExtensibilityGlobals) = postSolution
		SolutionGuid = {3263874D-1634-48B0-AC82-A330156FA0AA}
	EndGlobalSection
EndGlobal
